%{"certifi": {:hex, :certifi, "0.4.0", "a7966efb868b179023618d29a407548f70c52466bf1849b9e8ebd0e34b7ea11f", [:rebar3], []},
  "gen_smtp": {:hex, :gen_smtp, "0.9.0", "abddf6a464c593395ea70226db27c6b1fde48076de7ba5c8cc3e3a1d6c41b4f8", [:rebar], []},
  "hackney": {:hex, :hackney, "1.5.7", "f3809c0a17a3e523a865c65f6552b526f6b799acd0389803a05f88573ea26162", [:rebar3], [{:certifi, "0.4.0", [hex: :certifi, optional: false]}, {:idna, "1.2.0", [hex: :idna, optional: false]}, {:metrics, "1.0.1", [hex: :metrics, optional: false]}, {:mimerl, "1.0.2", [hex: :mimerl, optional: false]}, {:ssl_verify_fun, "1.1.0", [hex: :ssl_verify_fun, optional: false]}]},
  "httpoison": {:hex, :httpoison, "0.8.2", "dc53ea75a6abdb226e132aba74cbaf795f5c2fb0b3d8c8f13c9463e016cfbd66", [:mix], [{:hackney, "~> 1.5.2", [hex: :hackney, optional: false]}]},
  "idna": {:hex, :idna, "1.2.0", "ac62ee99da068f43c50dc69acf700e03a62a348360126260e87f2b54eced86b2", [:rebar3], []},
  "metrics": {:hex, :metrics, "1.0.1", "25f094dea2cda98213cecc3aeff09e940299d950904393b2a29d191c346a8486", [:rebar3], []},
  "mimerl": {:hex, :mimerl, "1.0.2", "993f9b0e084083405ed8252b99460c4f0563e41729ab42d9074fd5e52439be88", [:rebar3], []},
  "poison": {:hex, :poison, "2.1.0", "f583218ced822675e484648fa26c933d621373f01c6c76bd00005d7bd4b82e27", [:mix], []},
  "ranch": {:hex, :ranch, "1.2.0", "b286a948a0706a700a9f577e5cecbb2dc66097ea79f3ddb20ba5536069bdb7aa", [:make], []},
  "ssl_verify_fun": {:hex, :ssl_verify_fun, "1.1.0", "edee20847c42e379bf91261db474ffbe373f8acb56e9079acb6038d4e0bf414f", [:make, :rebar], []},
  "swoosh": {:hex, :swoosh, "0.2.0", "116a5e92db66e8472376b222fbeb0b189ae72c8fa579ca8b985d4d4e7a8a6dd9", [:mix], [{:cowboy, "~> 1.0.0", [hex: :cowboy, optional: true]}, {:gen_smtp, "~> 0.9.0", [hex: :gen_smtp, optional: false]}, {:httpoison, "~> 0.8", [hex: :httpoison, optional: false]}, {:plug, "~> 1.1", [hex: :plug, optional: true]}, {:poison, "~> 1.5 or ~> 2.0", [hex: :poison, optional: false]}]}}
